
Microsoft Visual Studio Solution File, Format Version 12.00
# Visual Studio Version 16
VisualStudioVersion = 16.0.31829.152
MinimumVisualStudioVersion = 10.0.40219.1
Project("{FAE04EC0-301F-11D3-BF4B-00C04F79EFBC}") = "RentalKendaraan", "RentalKendaraan\RentalKendaraan.csproj", "{114FC7D6-8AA3-451F-BE06-387263E21A34}"
EndProject
Global
	GlobalSection(SolutionConfigurationPlatforms) = preSolution
		Debug|Any CPU = Debug|Any CPU
		Release|Any CPU = Release|Any CPU
	EndGlobalSection
	GlobalSection(ProjectConfigurationPlatforms) = postSolution
		{114FC7D6-8AA3-451F-BE06-387263E21A34}.Debug|Any CPU.ActiveCfg = Debug|Any CPU
		{114FC7D6-8AA3-451F-BE06-387263E21A34}.Debug|Any CPU.Build.0 = Debug|Any CPU
		{114FC7D6-8AA3-451F-BE06-387263E21A34}.Release|Any CPU.ActiveCfg = Release|Any CPU
		{114FC7D6-8AA3-451F-BE06-387263E21A34}.Release|Any CPU.Build.0 = Release|Any CPU
	EndGlobalSection
	GlobalSection(SolutionProperties) = preSolution
		HideSolutionNode = FALSE
	EndGlobalSection
	GlobalSection(ExtensibilityGlobals) = postSolution
		SolutionGuid = {35430FF6-39A5-4B21-9453-2407517DCC2F}
	EndGlobalSection
EndGlobal
